// !$*UTF8*$!
{
	archiveVersion = 1;
	classes = {
	};
	objectVersion = 77;
	objects = {

/* Begin PBXBuildFile section */
		776F9F872F981E3200927C38 /* SETUP.md in Resources */ = {isa = PBXBuildFile; fileRef = 776F9F862F981E3200927C38 /* SETUP.md */; };
		77AE72212F9799A9007E4083 /* FactoryKit in Frameworks */ = {isa = PBXBuildFile; productRef = 77AE72202F9799A9007E4083 /* FactoryKit */; };
		77AE72232F9799A9007E4083 /* FactoryTesting in Frameworks */ = {isa = PBXBuildFile; productRef = 77AE72222F9799A9007E4083 /* FactoryTesting */; };
		77AE72FB2F97B1D8007E4083 /* Alamofire in Frameworks */ = {isa = PBXBuildFile; productRef = 77AE72FA2F97B1D8007E4083 /* Alamofire */; };
/* End PBXBuildFile section */

/* Begin PBXContainerItemProxy section */
		77AE71802F979407007E4083 /* PBXContainerItemProxy */ = {
			isa = PBXContainerItemProxy;
			containerPortal = 77AE716A2F979406007E4083 /* Project object */;
			proxyType = 1;
			remoteGlobalIDString = 77AE71712F979406007E4083;
			remoteInfo = AirQualityBooking;
		};
		77AE718A2F979407007E4083 /* PBXContainerItemProxy */ = {
			isa = PBXContainerItemProxy;
			containerPortal = 77AE716A2F979406007E4083 /* Project object */;
			proxyType = 1;
			remoteGlobalIDString = 77AE71712F979406007E4083;
			remoteInfo = AirQualityBooking;
		};
/* End PBXContainerItemProxy section */

/* Begin PBXFileReference section */
		776F9F862F981E3200927C38 /* SETUP.md */ = {isa = PBXFileReference; lastKnownFileType = net.daringfireball.markdown; path = SETUP.md; sourceTree = "<group>"; };
		77AE71722F979406007E4083 /* AirQualityBooking.app */ = {isa = PBXFileReference; explicitFileType = wrapper.application; includeInIndex = 0; path = AirQualityBooking.app; sourceTree = BUILT_PRODUCTS_DIR; };
		77AE717F2F979407007E4083 /* AirQualityBookingTests.xctest */ = {isa = PBXFileReference; explicitFileType = wrapper.cfbundle; includeInIndex = 0; path = AirQualityBookingTests.xctest; sourceTree = BUILT_PRODUCTS_DIR; };
		77AE71892F979407007E4083 /* AirQualityBookingUITests.xctest */ = {isa = PBXFileReference; explicitFileType = wrapper.cfbundle; includeInIndex = 0; path = AirQualityBookingUITests.xctest; sourceTree = BUILT_PRODUCTS_DIR; };
/* End PBXFileReference section */

/* Begin PBXFileSystemSynchronizedBuildFileExceptionSet section */
		776F9F852F9819F400927C38 /* Exceptions for "AirQualityBooking" folder in "AirQualityBooking" target */ = {
			isa = PBXFileSystemSynchronizedBuildFileExceptionSet;
			membershipExceptions = (
				Info.plist,
			);
			target = 77AE71712F979406007E4083 /* AirQualityBooking */;
		};
/* End PBXFileSystemSynchronizedBuildFileExceptionSet section */

/* Begin PBXFileSystemSynchronizedRootGroup section */
		77AE71742F979406007E4083 /* AirQualityBooking */ = {
			isa = PBXFileSystemSynchronizedRootGroup;
			exceptions = (
				776F9F852F9819F400927C38 /* Exceptions for "AirQualityBooking" folder in "AirQualityBooking" target */,
			);
			path = AirQualityBooking;
			sourceTree = "<group>";
		};
		77AE71822F979407007E4083 /* AirQualityBookingTests */ = {
			isa = PBXFileSystemSynchronizedRootGroup;
			path = AirQualityBookingTests;
			sourceTree = "<group>";
		};
		77AE718C2F979407007E4083 /* AirQualityBookingUITests */ = {
			isa = PBXFileSystemSynchronizedRootGroup;
			path = AirQualityBookingUITests;
			sourceTree = "<group>";
		};
/* End PBXFileSystemSynchronizedRootGroup section */

/* Begin PBXFrameworksBuildPhase section */
		77AE716F2F979406007E4083 /* Frameworks */ = {
			isa = PBXFrameworksBuildPhase;
			buildActionMask = 2147483647;
			files = (
				77AE72212F9799A9007E4083 /* FactoryKit in Frameworks */,
				77AE72FB2F97B1D8007E4083 /* Alamofire in Frameworks */,
			);
			runOnlyForDeploymentPostprocessing = 0;
		};
		77AE717C2F979407007E4083 /* Frameworks */ = {
			isa = PBXFrameworksBuildPhase;
			buildActionMask = 2147483647;
			files = (
				77AE72232F9799A9007E4083 /* FactoryTesting in Frameworks */,
			);
			runOnlyForDeploymentPostprocessing = 0;
		};
		77AE71862F979407007E4083 /* Frameworks */ = {
			isa = PBXFrameworksBuildPhase;
			buildActionMask = 2147483647;
			files = (
			);
			runOnlyForDeploymentPostprocessing = 0;
		};
/* End PBXFrameworksBuildPhase section */

/* Begin PBXGroup section */
		77AE71692F979406007E4083 = {
			isa = PBXGroup;
			children = (
				776F9F862F981E3200927C38 /* SETUP.md */,
				77AE71742F979406007E4083 /* AirQualityBooking */,
				77AE71822F979407007E4083 /* AirQualityBookingTests */,
				77AE718C2F979407007E4083 /* AirQualityBookingUITests */,
				77AE71732F979406007E4083 /* Products */,
			);
			sourceTree = "<group>";
		};
		77AE71732F979406007E4083 /* Products */ = {
			isa = PBXGroup;
			children = (
				77AE71722F979406007E4083 /* AirQualityBooking.app */,
				77AE717F2F979407007E4083 /* AirQualityBookingTests.xctest */,
				77AE71892F979407007E4083 /* AirQualityBookingUITests.xctest */,
			);
			name = Products;
			sourceTree = "<group>";
		};
/* End PBXGroup section */

/* Begin PBXNativeTarget section */
		77AE71712F979406007E4083 /* AirQualityBooking */ = {
			isa = PBXNativeTarget;
			buildConfigurationList = 77AE71932F979407007E4083 /* Build configuration list for PBXNativeTarget "AirQualityBooking" */;
			buildPhases = (
				77AE716E2F979406007E4083 /* Sources */,
				77AE716F2F979406007E4083 /* Frameworks */,
				77AE71702F979406007E4083 /* Resources */,
			);
			buildRules = (
			);
			dependencies = (
			);
			fileSystemSynchronizedGroups = (
				77AE71742F979406007E4083 /* AirQualityBooking */,
			);
			name = AirQualityBooking;
			packageProductDependencies = (
				77AE72202F9799A9007E4083 /* FactoryKit */,
				77AE72FA2F97B1D8007E4083 /* Alamofire */,
			);
			productName = AirQualityBooking;
			productReference = 77AE71722F979406007E4083 /* AirQualityBooking.app */;
			productType = "com.apple.product-type.application";
		};
		77AE717E2F979407007E4083 /* AirQualityBookingTests */ = {
			isa = PBXNativeTarget;
			buildConfigurationList = 77AE71962F979407007E4083 /* Build configuration list for PBXNativeTarget "AirQualityBookingTests" */;
			buildPhases = (
				77AE717B2F979407007E4083 /* Sources */,
				77AE717C2F979407007E4083 /* Frameworks */,
				77AE717D2F979407007E4083 /* Resources */,
			);
			buildRules = (
			);
			dependencies = (
				77AE71812F979407007E4083 /* PBXTargetDependency */,
			);
			fileSystemSynchronizedGroups = (
				77AE71822F979407007E4083 /* AirQualityBookingTests */,
			);
			name = AirQualityBookingTests;
			packageProductDependencies = (
				77AE72222F9799A9007E4083 /* FactoryTesting */,
			);
			productName = AirQualityBookingTests;
			productReference = 77AE717F2F979407007E4083 /* AirQualityBookingTests.xctest */;
			productType = "com.apple.product-type.bundle.unit-test";
		};
		77AE71882F979407007E4083 /* AirQualityBookingUITests */ = {
			isa = PBXNativeTarget;
			buildConfigurationList = 77AE71992F979407007E4083 /* Build configuration list for PBXNativeTarget "AirQualityBookingUITests" */;
			buildPhases = (
				77AE71852F979407007E4083 /* Sources */,
				77AE71862F979407007E4083 /* Frameworks */,
				77AE71872F979407007E4083 /* Resources */,
			);
			buildRules = (
			);
			dependencies = (
				77AE718B2F979407007E4083 /* PBXTargetDependency */,
			);
			fileSystemSynchronizedGroups = (
				77AE718C2F979407007E4083 /* AirQualityBookingUITests */,
			);
			name = AirQualityBookingUITests;
			packageProductDependencies = (
			);
			productName = AirQualityBookingUITests;
			productReference = 77AE71892F979407007E4083 /* AirQualityBookingUITests.xctest */;
			productType = "com.apple.product-type.bundle.ui-testing";
		};
/* End PBXNativeTarget section */

/* Begin PBXProject section */
		77AE716A2F979406007E4083 /* Project object */ = {
			isa = PBXProject;
			attributes = {
				BuildIndependentTargetsInParallel = 1;
				LastSwiftUpdateCheck = 2640;
				LastUpgradeCheck = 2640;
				TargetAttributes = {
					77AE71712F979406007E4083 = {
						CreatedOnToolsVersion = 26.4.1;
					};
					77AE717E2F979407007E4083 = {
						CreatedOnToolsVersion = 26.4.1;
						TestTargetID = 77AE71712F979406007E4083;
					};
					77AE71882F979407007E4083 = {
						CreatedOnToolsVersion = 26.4.1;
						TestTargetID = 77AE71712F979406007E4083;
					};
				};
			};
			buildConfigurationList = 77AE716D2F979406007E4083 /* Build configuration list for PBXProject "AirQualityBooking" */;
			developmentRegion = en;
			hasScannedForEncodings = 0;
			knownRegions = (
				en,
				Base,
			);
			mainGroup = 77AE71692F979406007E4083;
			minimizedProjectReferenceProxies = 1;
			packageReferences = (
				77AE721F2F9799A9007E4083 /* XCRemoteSwiftPackageReference "Factory" */,
				77AE72F92F97B1D8007E4083 /* XCRemoteSwiftPackageReference "Alamofire" */,
			);
			preferredProjectObjectVersion = 77;
			productRefGroup = 77AE71732F979406007E4083 /* Products */;
			projectDirPath = "";
			projectRoot = "";
			targets = (
				77AE71712F979406007E4083 /* AirQualityBooking */,
				77AE717E2F979407007E4083 /* AirQualityBookingTests */,
				77AE71882F979407007E4083 /* AirQualityBookingUITests */,
			);
		};
/* End PBXProject section */

/* Begin PBXResourcesBuildPhase section */
		77AE71702F979406007E4083 /* Resources */ = {
			isa = PBXResourcesBuildPhase;
			buildActionMask = 2147483647;
			files = (
				776F9F872F981E3200927C38 /* SETUP.md in Resources */,
			);
			runOnlyForDeploymentPostprocessing = 0;
		};
		77AE717D2F979407007E4083 /* Resources */ = {
			isa = PBXResourcesBuildPhase;
			buildActionMask = 2147483647;
			files = (
			);
			runOnlyForDeploymentPostprocessing = 0;
		};
		77AE71872F979407007E4083 /* Resources */ = {
			isa = PBXResourcesBuildPhase;
			buildActionMask = 2147483647;
			files = (
			);
			runOnlyForDeploymentPostprocessing = 0;
		};
/* End PBXResourcesBuildPhase section */

/* Begin PBXSourcesBuildPhase section */
		77AE716E2F979406007E4083 /* Sources */ = {
			isa = PBXSourcesBuildPhase;
			buildActionMask = 2147483647;
			files = (
			);
			runOnlyForDeploymentPostprocessing = 0;
		};
		77AE717B2F979407007E4083 /* Sources */ = {
			isa = PBXSourcesBuildPhase;
			buildActionMask = 2147483647;
			files = (
			);
			runOnlyForDeploymentPostprocessing = 0;
		};
		77AE71852F979407007E4083 /* Sources */ = {
			isa = PBXSourcesBuildPhase;
			buildActionMask = 2147483647;
			files = (
			);
			runOnlyForDeploymentPostprocessing = 0;
		};
/* End PBXSourcesBuildPhase section */

/* Begin PBXTargetDependency section */
		77AE71812F979407007E4083 /* PBXTargetDependency */ = {
			isa = PBXTargetDependency;
			target = 77AE71712F979406007E4083 /* AirQualityBooking */;
			targetProxy = 77AE71802F979407007E4083 /* PBXContainerItemProxy */;
		};
		77AE718B2F979407007E4083 /* PBXTargetDependency */ = {
			isa = PBXTargetDependency;
			target = 77AE71712F979406007E4083 /* AirQualityBooking */;
			targetProxy = 77AE718A2F979407007E4083 /* PBXContainerItemProxy */;
		};
/* End PBXTargetDependency section */

/* Begin XCBuildConfiguration section */
		77AE71912F979407007E4083 /* Debug */ = {
			isa = XCBuildConfiguration;
			baseConfigurationReferenceAnchor = 77AE71742F979406007E4083 /* AirQualityBooking */;
			baseConfigurationReferenceRelativePath = Application/Config.xcconfig;
			buildSettings = {
				ALWAYS_SEARCH_USER_PATHS = NO;
				ASSETCATALOG_COMPILER_GENERATE_SWIFT_ASSET_SYMBOL_EXTENSIONS = YES;
				CLANG_ANALYZER_NONNULL = YES;
				CLANG_ANALYZER_NUMBER_OBJECT_CONVERSION = YES_AGGRESSIVE;
				CLANG_CXX_LANGUAGE_STANDARD = "gnu++20";
				CLANG_ENABLE_MODULES = YES;
				CLANG_ENABLE_OBJC_ARC = YES;
				CLANG_ENABLE_OBJC_WEAK = YES;
				CLANG_WARN_BLOCK_CAPTURE_AUTORELEASING = YES;
				CLANG_WARN_BOOL_CONVERSION = YES;
				CLANG_WARN_COMMA = YES;
				CLANG_WARN_CONSTANT_CONVERSION = YES;
				CLANG_WARN_DEPRECATED_OBJC_IMPLEMENTATIONS = YES;
				CLANG_WARN_DIRECT_OBJC_ISA_USAGE = YES_ERROR;
				CLANG_WARN_DOCUMENTATION_COMMENTS = YES;
				CLANG_WARN_EMPTY_BODY = YES;
				CLANG_WARN_ENUM_CONVERSION = YES;
				CLANG_WARN_INFINITE_RECURSION = YES;
				CLANG_WARN_INT_CONVERSION = YES;
				CLANG_WARN_NON_LITERAL_NULL_CONVERSION = YES;
				CLANG_WARN_OBJC_IMPLICIT_RETAIN_SELF = YES;
				CLANG_WARN_OBJC_LITERAL_CONVERSION = YES;
				CLANG_WARN_OBJC_ROOT_CLASS = YES_ERROR;
				CLANG_WARN_QUOTED_INCLUDE_IN_FRAMEWORK_HEADER = YES;
				CLANG_WARN_RANGE_LOOP_ANALYSIS = YES;
				CLANG_WARN_STRICT_PROTOTYPES = YES;
				CLANG_WARN_SUSPICIOUS_MOVE = YES;
				CLANG_WARN_UNGUARDED_AVAILABILITY = YES_AGGRESSIVE;
				CLANG_WARN_UNREACHABLE_CODE = YES;
				CLANG_WARN__DUPLICATE_METHOD_MATCH = YES;
				COPY_PHASE_STRIP = NO;
				DEBUG_INFORMATION_FORMAT = dwarf;
				DEVELOPMENT_TEAM = M7NB3P64RD;
				ENABLE_STRICT_OBJC_MSGSEND = YES;
				ENABLE_TESTABILITY = YES;
				ENABLE_USER_SCRIPT_SANDBOXING = YES;
				GCC_C_LANGUAGE_STANDARD = gnu17;
				GCC_DYNAMIC_NO_PIC = NO;
				GCC_NO_COMMON_BLOCKS = YES;
				GCC_OPTIMIZATION_LEVEL = 0;
				GCC_PREPROCESSOR_DEFINITIONS = (
					"DEBUG=1",
					"$(inherited)",
				);
				GCC_WARN_64_TO_32_BIT_CONVERSION = YES;
				GCC_WARN_ABOUT_RETURN_TYPE = YES_ERROR;
				GCC_WARN_UNDECLARED_SELECTOR = YES;
				GCC_WARN_UNINITIALIZED_AUTOS = YES_AGGRESSIVE;
				GCC_WARN_UNUSED_FUNCTION = YES;
				GCC_WARN_UNUSED_VARIABLE = YES;
				IPHONEOS_DEPLOYMENT_TARGET = 26.4;
				LOCALIZATION_PREFERS_STRING_CATALOGS = YES;
				MTL_ENABLE_DEBUG_INFO = INCLUDE_SOURCE;
				MTL_FAST_MATH = YES;
				ONLY_ACTIVE_ARCH = YES;
				SDKROOT = iphoneos;
				SWIFT_ACTIVE_COMPILATION_CONDITIONS = "DEBUG $(inherited)";
				SWIFT_OPTIMIZATION_LEVEL = "-Onone";
			};
			name = Debug;
		};
		77AE71922F979407007E4083 /* Release */ = {
			isa = XCBuildConfiguration;
			baseConfigurationReferenceAnchor = 77AE71742F979406007E4083 /* AirQualityBooking */;
			baseConfigurationReferenceRelativePath = Application/Config.xcconfig;
			buildSettings = {
				ALWAYS_SEARCH_USER_PATHS = NO;
				ASSETCATALOG_COMPILER_GENERATE_SWIFT_ASSET_SYMBOL_EXTENSIONS = YES;
				CLANG_ANALYZER_NONNULL = YES;
				CLANG_ANALYZER_NUMBER_OBJECT_CONVERSION = YES_AGGRESSIVE;
				CLANG_CXX_LANGUAGE_STANDARD = "gnu++20";
				CLANG_ENABLE_MODULES = YES;
				CLANG_ENABLE_OBJC_ARC = YES;
				CLANG_ENABLE_OBJC_WEAK = YES;
				CLANG_WARN_BLOCK_CAPTURE_AUTORELEASING = YES;
				CLANG_WARN_BOOL_CONVERSION = YES;
				CLANG_WARN_COMMA = YES;
				CLANG_WARN_CONSTANT_CONVERSION = YES;
				CLANG_WARN_DEPRECATED_OBJC_IMPLEMENTATIONS = YES;
				CLANG_WARN_DIRECT_OBJC_ISA_USAGE = YES_ERROR;
				CLANG_WARN_DOCUMENTATION_COMMENTS = YES;
				CLANG_WARN_EMPTY_BODY = YES;
				CLANG_WARN_ENUM_CONVERSION = YES;
				CLANG_WARN_INFINITE_RECURSION = YES;
				CLANG_WARN_INT_CONVERSION = YES;
				CLANG_WARN_NON_LITERAL_NULL_CONVERSION = YES;
				CLANG_WARN_OBJC_IMPLICIT_RETAIN_SELF = YES;
				CLANG_WARN_OBJC_LITERAL_CONVERSION = YES;
				CLANG_WARN_OBJC_ROOT_CLASS = YES_ERROR;
				CLANG_WARN_QUOTED_INCLUDE_IN_FRAMEWORK_HEADER = YES;
				CLANG_WARN_RANGE_LOOP_ANALYSIS = YES;
				CLANG_WARN_STRICT_PROTOTYPES = YES;
				CLANG_WARN_SUSPICIOUS_MOVE = YES;
				CLANG_WARN_UNGUARDED_AVAILABILITY = YES_AGGRESSIVE;
				CLANG_WARN_UNREACHABLE_CODE = YES;
				CLANG_WARN__DUPLICATE_METHOD_MATCH = YES;
				COPY_PHASE_STRIP = NO;
				DEBUG_INFORMATION_FORMAT = "dwarf-with-dsym";
				DEVELOPMENT_TEAM = M7NB3P64RD;
				ENABLE_NS_ASSERTIONS = NO;
				ENABLE_STRICT_OBJC_MSGSEND = YES;
				ENABLE_USER_SCRIPT_SANDBOXING = YES;
				GCC_C_LANGUAGE_STANDARD = gnu17;
				GCC_NO_COMMON_BLOCKS = YES;
				GCC_WARN_64_TO_32_BIT_CONVERSION = YES;
				GCC_WARN_ABOUT_RETURN_TYPE = YES_ERROR;
				GCC_WARN_UNDECLARED_SELECTOR = YES;
				GCC_WARN_UNINITIALIZED_AUTOS = YES_AGGRESSIVE;
				GCC_WARN_UNUSED_FUNCTION = YES;
				GCC_WARN_UNUSED_VARIABLE = YES;
				IPHONEOS_DEPLOYMENT_TARGET = 26.4;
				LOCALIZATION_PREFERS_STRING_CATALOGS = YES;
				MTL_ENABLE_DEBUG_INFO = NO;
				MTL_FAST_MATH = YES;
				SDKROOT = iphoneos;
				SWIFT_COMPILATION_MODE = wholemodule;
				VALIDATE_PRODUCT = YES;
			};
			name = Release;
		};
		77AE71942F979407007E4083 /* Debug */ = {
			isa = XCBuildConfiguration;
			baseConfigurationReferenceAnchor = 77AE71742F979406007E4083 /* AirQualityBooking */;
			baseConfigurationReferenceRelativePath = Application/Config.xcconfig;
			buildSettings = {
				ASSETCATALOG_COMPILER_APPICON_NAME = AppIcon;
				ASSETCATALOG_COMPILER_GLOBAL_ACCENT_COLOR_NAME = AccentColor;
				CODE_SIGN_STYLE = Automatic;
				CURRENT_PROJECT_VERSION = 1;
				DEVELOPMENT_TEAM = M7NB3P64RD;
				ENABLE_PREVIEWS = YES;
				GENERATE_INFOPLIST_FILE = YES;
				INFOPLIST_FILE = AirQualityBooking/Info.plist;
				INFOPLIST_KEY_NSLocationAlwaysAndWhenInUseUsageDescription = "AirQualityBooking needs your location to show air quality data and set your current position on the map.";
				INFOPLIST_KEY_UIApplicationSceneManifest_Generation = YES;
				INFOPLIST_KEY_UIApplicationSupportsIndirectInputEvents = YES;
				INFOPLIST_KEY_UILaunchScreen_Generation = YES;
				INFOPLIST_KEY_UISupportedInterfaceOrientations_iPad = "UIInterfaceOrientationPortrait UIInterfaceOrientationPortraitUpsideDown UIInterfaceOrientationLandscapeLeft UIInterfaceOrientationLandscapeRight";
				INFOPLIST_KEY_UISupportedInterfaceOrientations_iPhone = "UIInterfaceOrientationPortrait UIInterfaceOrientationLandscapeLeft UIInterfaceOrientationLandscapeRight";
				LD_RUNPATH_SEARCH_PATHS = (
					"$(inherited)",
					"@executable_path/Frameworks",
				);
				MARKETING_VERSION = 1.0;
				PRODUCT_BUNDLE_IDENTIFIER = kumar.praveen.com.AirQualityBooking;
				PRODUCT_NAME = "$(TARGET_NAME)";
				STRING_CATALOG_GENERATE_SYMBOLS = YES;
				SWIFT_APPROACHABLE_CONCURRENCY = YES;
				SWIFT_DEFAULT_ACTOR_ISOLATION = MainActor;
				SWIFT_EMIT_LOC_STRINGS = YES;
				SWIFT_UPCOMING_FEATURE_MEMBER_IMPORT_VISIBILITY = YES;
				SWIFT_VERSION = 5.0;
				TARGETED_DEVICE_FAMILY = "1,2";
			};
			name = Debug;
		};
		77AE71952F979407007E4083 /* Release */ = {
			isa = XCBuildConfiguration;
			baseConfigurationReferenceAnchor = 77AE71742F979406007E4083 /* AirQualityBooking */;
			baseConfigurationReferenceRelativePath = Application/Config.xcconfig;
			buildSettings = {
				ASSETCATALOG_COMPILER_APPICON_NAME = AppIcon;
				ASSETCATALOG_COMPILER_GLOBAL_ACCENT_COLOR_NAME = AccentColor;
				CODE_SIGN_STYLE = Automatic;
				CURRENT_PROJECT_VERSION = 1;
				DEVELOPMENT_TEAM = M7NB3P64RD;
				ENABLE_PREVIEWS = YES;
				GENERATE_INFOPLIST_FILE = YES;
				INFOPLIST_FILE = AirQualityBooking/Info.plist;
				INFOPLIST_KEY_NSLocationAlwaysAndWhenInUseUsageDescription = "AirQualityBooking needs your location to show air quality data and set your current position on the map.";
				INFOPLIST_KEY_UIApplicationSceneManifest_Generation = YES;
				INFOPLIST_KEY_UIApplicationSupportsIndirectInputEvents = YES;
				INFOPLIST_KEY_UILaunchScreen_Generation = YES;
				INFOPLIST_KEY_UISupportedInterfaceOrientations_iPad = "UIInterfaceOrientationPortrait UIInterfaceOrientationPortraitUpsideDown UIInterfaceOrientationLandscapeLeft UIInterfaceOrientationLandscapeRight";
				INFOPLIST_KEY_UISupportedInterfaceOrientations_iPhone = "UIInterfaceOrientationPortrait UIInterfaceOrientationLandscapeLeft UIInterfaceOrientationLandscapeRight";
				LD_RUNPATH_SEARCH_PATHS = (
					"$(inherited)",
					"@executable_path/Frameworks",
				);
				MARKETING_VERSION = 1.0;
				PRODUCT_BUNDLE_IDENTIFIER = kumar.praveen.com.AirQualityBooking;
				PRODUCT_NAME = "$(TARGET_NAME)";
				STRING_CATALOG_GENERATE_SYMBOLS = YES;
				SWIFT_APPROACHABLE_CONCURRENCY = YES;
				SWIFT_DEFAULT_ACTOR_ISOLATION = MainActor;
				SWIFT_EMIT_LOC_STRINGS = YES;
				SWIFT_UPCOMING_FEATURE_MEMBER_IMPORT_VISIBILITY = YES;
				SWIFT_VERSION = 5.0;
				TARGETED_DEVICE_FAMILY = "1,2";
			};
			name = Release;
		};
		77AE71972F979407007E4083 /* Debug */ = {
			isa = XCBuildConfiguration;
			baseConfigurationReferenceAnchor = 77AE71742F979406007E4083 /* AirQualityBooking */;
			baseConfigurationReferenceRelativePath = Application/Config.xcconfig;
			buildSettings = {
				BUNDLE_LOADER = "$(TEST_HOST)";
				CODE_SIGN_STYLE = Automatic;
				CURRENT_PROJECT_VERSION = 1;
				DEVELOPMENT_TEAM = M7NB3P64RD;
				GENERATE_INFOPLIST_FILE = YES;
				IPHONEOS_DEPLOYMENT_TARGET = 26.4;
				MARKETING_VERSION = 1.0;
				PRODUCT_BUNDLE_IDENTIFIER = kumar.praveen.com.AirQualityBookingTests;
				PRODUCT_NAME = "$(TARGET_NAME)";
				STRING_CATALOG_GENERATE_SYMBOLS = NO;
				SWIFT_APPROACHABLE_CONCURRENCY = YES;
				SWIFT_EMIT_LOC_STRINGS = NO;
				SWIFT_UPCOMING_FEATURE_MEMBER_IMPORT_VISIBILITY = YES;
				SWIFT_VERSION = 5.0;
				TARGETED_DEVICE_FAMILY = "1,2";
				TEST_HOST = "$(BUILT_PRODUCTS_DIR)/AirQualityBooking.app/$(BUNDLE_EXECUTABLE_FOLDER_PATH)/AirQualityBooking";
			};
			name = Debug;
		};
		77AE71982F979407007E4083 /* Release */ = {
			isa = XCBuildConfiguration;
			baseConfigurationReferenceAnchor = 77AE71742F979406007E4083 /* AirQualityBooking */;
			baseConfigurationReferenceRelativePath = Application/Config.xcconfig;
			buildSettings = {
				BUNDLE_LOADER = "$(TEST_HOST)";
				CODE_SIGN_STYLE = Automatic;
				CURRENT_PROJECT_VERSION = 1;
				DEVELOPMENT_TEAM = M7NB3P64RD;
				GENERATE_INFOPLIST_FILE = YES;
				IPHONEOS_DEPLOYMENT_TARGET = 26.4;
				MARKETING_VERSION = 1.0;
				PRODUCT_BUNDLE_IDENTIFIER = kumar.praveen.com.AirQualityBookingTests;
				PRODUCT_NAME = "$(TARGET_NAME)";
				STRING_CATALOG_GENERATE_SYMBOLS = NO;
				SWIFT_APPROACHABLE_CONCURRENCY = YES;
				SWIFT_EMIT_LOC_STRINGS = NO;
				SWIFT_UPCOMING_FEATURE_MEMBER_IMPORT_VISIBILITY = YES;
				SWIFT_VERSION = 5.0;
				TARGETED_DEVICE_FAMILY = "1,2";
				TEST_HOST = "$(BUILT_PRODUCTS_DIR)/AirQualityBooking.app/$(BUNDLE_EXECUTABLE_FOLDER_PATH)/AirQualityBooking";
			};
			name = Release;
		};
		77AE719A2F979407007E4083 /* Debug */ = {
			isa = XCBuildConfiguration;
			baseConfigurationReferenceAnchor = 77AE71742F979406007E4083 /* AirQualityBooking */;
			baseConfigurationReferenceRelativePath = Application/Config.xcconfig;
			buildSettings = {
				CODE_SIGN_STYLE = Automatic;
				CURRENT_PROJECT_VERSION = 1;
				DEVELOPMENT_TEAM = M7NB3P64RD;
				GENERATE_INFOPLIST_FILE = YES;
				MARKETING_VERSION = 1.0;
				PRODUCT_BUNDLE_IDENTIFIER = kumar.praveen.com.AirQualityBookingUITests;
				PRODUCT_NAME = "$(TARGET_NAME)";
				STRING_CATALOG_GENERATE_SYMBOLS = NO;
				SWIFT_APPROACHABLE_CONCURRENCY = YES;
				SWIFT_EMIT_LOC_STRINGS = NO;
				SWIFT_UPCOMING_FEATURE_MEMBER_IMPORT_VISIBILITY = YES;
				SWIFT_VERSION = 5.0;
				TARGETED_DEVICE_FAMILY = "1,2";
				TEST_TARGET_NAME = AirQualityBooking;
			};
			name = Debug;
		};
		77AE719B2F979407007E4083 /* Release */ = {
			isa = XCBuildConfiguration;
			baseConfigurationReferenceAnchor = 77AE71742F979406007E4083 /* AirQualityBooking */;
			baseConfigurationReferenceRelativePath = Application/Config.xcconfig;
			buildSettings = {
				CODE_SIGN_STYLE = Automatic;
				CURRENT_PROJECT_VERSION = 1;
				DEVELOPMENT_TEAM = M7NB3P64RD;
				GENERATE_INFOPLIST_FILE = YES;
				MARKETING_VERSION = 1.0;
				PRODUCT_BUNDLE_IDENTIFIER = kumar.praveen.com.AirQualityBookingUITests;
				PRODUCT_NAME = "$(TARGET_NAME)";
				STRING_CATALOG_GENERATE_SYMBOLS = NO;
				SWIFT_APPROACHABLE_CONCURRENCY = YES;
				SWIFT_EMIT_LOC_STRINGS = NO;
				SWIFT_UPCOMING_FEATURE_MEMBER_IMPORT_VISIBILITY = YES;
				SWIFT_VERSION = 5.0;
				TARGETED_DEVICE_FAMILY = "1,2";
				TEST_TARGET_NAME = AirQualityBooking;
			};
			name = Release;
		};
/* End XCBuildConfiguration section */

/* Begin XCConfigurationList section */
		77AE716D2F979406007E4083 /* Build configuration list for PBXProject "AirQualityBooking" */ = {
			isa = XCConfigurationList;
			buildConfigurations = (
				77AE71912F979407007E4083 /* Debug */,
				77AE71922F979407007E4083 /* Release */,
			);
			defaultConfigurationIsVisible = 0;
			defaultConfigurationName = Release;
		};
		77AE71932F979407007E4083 /* Build configuration list for PBXNativeTarget "AirQualityBooking" */ = {
			isa = XCConfigurationList;
			buildConfigurations = (
				77AE71942F979407007E4083 /* Debug */,
				77AE71952F979407007E4083 /* Release */,
			);
			defaultConfigurationIsVisible = 0;
			defaultConfigurationName = Release;
		};
		77AE71962F979407007E4083 /* Build configuration list for PBXNativeTarget "AirQualityBookingTests" */ = {
			isa = XCConfigurationList;
			buildConfigurations = (
				77AE71972F979407007E4083 /* Debug */,
				77AE71982F979407007E4083 /* Release */,
			);
			defaultConfigurationIsVisible = 0;
			defaultConfigurationName = Release;
		};
		77AE71992F979407007E4083 /* Build configuration list for PBXNativeTarget "AirQualityBookingUITests" */ = {
			isa = XCConfigurationList;
			buildConfigurations = (
				77AE719A2F979407007E4083 /* Debug */,
				77AE719B2F979407007E4083 /* Release */,
			);
			defaultConfigurationIsVisible = 0;
			defaultConfigurationName = Release;
		};
/* End XCConfigurationList section */

/* Begin XCRemoteSwiftPackageReference section */
		77AE721F2F9799A9007E4083 /* XCRemoteSwiftPackageReference "Factory" */ = {
			isa = XCRemoteSwiftPackageReference;
			repositoryURL = "https://github.com/hmlongco/Factory.git";
			requirement = {
				kind = upToNextMajorVersion;
				minimumVersion = 2.5.3;
			};
		};
		77AE72F92F97B1D8007E4083 /* XCRemoteSwiftPackageReference "Alamofire" */ = {
			isa = XCRemoteSwiftPackageReference;
			repositoryURL = "https://github.com/Alamofire/Alamofire.git";
			requirement = {
				kind = upToNextMajorVersion;
				minimumVersion = 5.11.2;
			};
		};
/* End XCRemoteSwiftPackageReference section */

/* Begin XCSwiftPackageProductDependency section */
		77AE72202F9799A9007E4083 /* FactoryKit */ = {
			isa = XCSwiftPackageProductDependency;
			package = 77AE721F2F9799A9007E4083 /* XCRemoteSwiftPackageReference "Factory" */;
			productName = FactoryKit;
		};
		77AE72222F9799A9007E4083 /* FactoryTesting */ = {
			isa = XCSwiftPackageProductDependency;
			package = 77AE721F2F9799A9007E4083 /* XCRemoteSwiftPackageReference "Factory" */;
			productName = FactoryTesting;
		};
		77AE72FA2F97B1D8007E4083 /* Alamofire */ = {
			isa = XCSwiftPackageProductDependency;
			package = 77AE72F92F97B1D8007E4083 /* XCRemoteSwiftPackageReference "Alamofire" */;
			productName = Alamofire;
		};
/* End XCSwiftPackageProductDependency section */
	};
	rootObject = 77AE716A2F979406007E4083 /* Project object */;
}
